
Microsoft Visual Studio Solution File, Format Version 12.00
# Visual Studio Version 16
VisualStudioVersion = 16.0.29318.209
MinimumVisualStudioVersion = 10.0.40219.1
Project("{F184B08F-C81C-45F6-A57F-5ABD9991F28F}") = "BLP_Orrery", "BLP_Orrery\BLP_Orrery.vbproj", "{B5398498-D4DD-4FA0-A394-DA8AB03D19DB}"
EndProject
Global
	GlobalSection(SolutionConfigurationPlatforms) = preSolution
		Debug|Any CPU = Debug|Any CPU
		Release|Any CPU = Release|Any CPU
	EndGlobalSection
	GlobalSection(ProjectConfigurationPlatforms) = postSolution
		{B5398498-D4DD-4FA0-A394-DA8AB03D19DB}.Debug|Any CPU.ActiveCfg = Debug|Any CPU
		{B5398498-D4DD-4FA0-A394-DA8AB03D19DB}.Debug|Any CPU.Build.0 = Debug|Any CPU
		{B5398498-D4DD-4FA0-A394-DA8AB03D19DB}.Release|Any CPU.ActiveCfg = Release|Any CPU
		{B5398498-D4DD-4FA0-A394-DA8AB03D19DB}.Release|Any CPU.Build.0 = Release|Any CPU
	EndGlobalSection
	GlobalSection(SolutionProperties) = preSolution
		HideSolutionNode = FALSE
	EndGlobalSection
	GlobalSection(ExtensibilityGlobals) = postSolution
		SolutionGuid = {D8B0E988-4E44-42DB-9268-0755EF1392AB}
	EndGlobalSection
EndGlobal
